
Microsoft Visual Studio Solution File, Format Version 12.00
# Visual Studio 2013
VisualStudioVersion = 12.0.30723.0
MinimumVisualStudioVersion = 10.0.40219.1
Project("{2150E333-8FDC-42A3-9474-1A3956D46DE8}") = "Docs", "Docs", "{8E200F6D-A15F-4773-8A7A-0F2CC3C922B0}"
EndProject
Project("{FAE04EC0-301F-11D3-BF4B-00C04F79EFBC}") = "SyntaxHelperUtilities", "SyntaxHelperUtilities\SyntaxHelperUtilities.csproj", "{1F6911AD-8DFB-4888-9EB2-16E4B3195A11}"
EndProject
Project("{FAE04EC0-301F-11D3-BF4B-00C04F79EFBC}") = "MIL.Visitors", "MIL.Visitors\MIL.Visitors.csproj", "{16BB9DE0-00E2-4BBA-A398-FDABBAB7FA0E}"
EndProject
Project("{FAE04EC0-301F-11D3-BF4B-00C04F79EFBC}") = "MilVisitorsTestFixture", "MilVisitorsTestFixture\MilVisitorsTestFixture.csproj", "{4D9E091E-4DA8-4ED1-9E3E-DB1ACBA248C8}"
EndProject
Project("{FAE04EC0-301F-11D3-BF4B-00C04F79EFBC}") = "MIL.Services", "MIL.Services\MIL.Services.csproj", "{79807141-C84F-4593-9950-C6F73A150E43}"
EndProject
Project("{FAE04EC0-301F-11D3-BF4B-00C04F79EFBC}") = "Mil.ServiceIntegrationTests", "Mil.ServiceIntegrationTests\Mil.ServiceIntegrationTests.csproj", "{5612D3DF-8903-4F66-9BD2-E375605B30D2}"
EndProject
Project("{FAE04EC0-301F-11D3-BF4B-00C04F79EFBC}") = "MilGenerator", "MilGenerator\MilGenerator.csproj", "{2F6AA3F0-DC92-42D5-883A-F1C452C70705}"
EndProject
Project("{2150E333-8FDC-42A3-9474-1A3956D46DE8}") = ".nuget", ".nuget", "{4DB150E2-8A19-46B6-9FFB-24BCA75DF941}"
	ProjectSection(SolutionItems) = preProject
		.nuget\NuGet.Config = .nuget\NuGet.Config
		.nuget\NuGet.exe = .nuget\NuGet.exe
		.nuget\NuGet.targets = .nuget\NuGet.targets
		.nuget\packages.config = .nuget\packages.config
	EndProjectSection
EndProject
Global
	GlobalSection(SolutionConfigurationPlatforms) = preSolution
		Debug|Any CPU = Debug|Any CPU
		Debug|Mixed Platforms = Debug|Mixed Platforms
		Debug|x86 = Debug|x86
		Release|Any CPU = Release|Any CPU
		Release|Mixed Platforms = Release|Mixed Platforms
		Release|x86 = Release|x86
	EndGlobalSection
	GlobalSection(ProjectConfigurationPlatforms) = postSolution
		{1F6911AD-8DFB-4888-9EB2-16E4B3195A11}.Debug|Any CPU.ActiveCfg = Debug|Any CPU
		{1F6911AD-8DFB-4888-9EB2-16E4B3195A11}.Debug|Any CPU.Build.0 = Debug|Any CPU
		{1F6911AD-8DFB-4888-9EB2-16E4B3195A11}.Debug|Mixed Platforms.ActiveCfg = Debug|Any CPU
		{1F6911AD-8DFB-4888-9EB2-16E4B3195A11}.Debug|Mixed Platforms.Build.0 = Debug|Any CPU
		{1F6911AD-8DFB-4888-9EB2-16E4B3195A11}.Debug|x86.ActiveCfg = Debug|Any CPU
		{1F6911AD-8DFB-4888-9EB2-16E4B3195A11}.Release|Any CPU.ActiveCfg = Release|Any CPU
		{1F6911AD-8DFB-4888-9EB2-16E4B3195A11}.Release|Any CPU.Build.0 = Release|Any CPU
		{1F6911AD-8DFB-4888-9EB2-16E4B3195A11}.Release|Mixed Platforms.ActiveCfg = Release|Any CPU
		{1F6911AD-8DFB-4888-9EB2-16E4B3195A11}.Release|Mixed Platforms.Build.0 = Release|Any CPU
		{1F6911AD-8DFB-4888-9EB2-16E4B3195A11}.Release|x86.ActiveCfg = Release|Any CPU
		{16BB9DE0-00E2-4BBA-A398-FDABBAB7FA0E}.Debug|Any CPU.ActiveCfg = Debug|Any CPU
		{16BB9DE0-00E2-4BBA-A398-FDABBAB7FA0E}.Debug|Any CPU.Build.0 = Debug|Any CPU
		{16BB9DE0-00E2-4BBA-A398-FDABBAB7FA0E}.Debug|Mixed Platforms.ActiveCfg = Debug|Any CPU
		{16BB9DE0-00E2-4BBA-A398-FDABBAB7FA0E}.Debug|Mixed Platforms.Build.0 = Debug|Any CPU
		{16BB9DE0-00E2-4BBA-A398-FDABBAB7FA0E}.Debug|x86.ActiveCfg = Debug|Any CPU
		{16BB9DE0-00E2-4BBA-A398-FDABBAB7FA0E}.Release|Any CPU.ActiveCfg = Release|Any CPU
		{16BB9DE0-00E2-4BBA-A398-FDABBAB7FA0E}.Release|Any CPU.Build.0 = Release|Any CPU
		{16BB9DE0-00E2-4BBA-A398-FDABBAB7FA0E}.Release|Mixed Platforms.ActiveCfg = Release|Any CPU
		{16BB9DE0-00E2-4BBA-A398-FDABBAB7FA0E}.Release|Mixed Platforms.Build.0 = Release|Any CPU
		{16BB9DE0-00E2-4BBA-A398-FDABBAB7FA0E}.Release|x86.ActiveCfg = Release|Any CPU
		{4D9E091E-4DA8-4ED1-9E3E-DB1ACBA248C8}.Debug|Any CPU.ActiveCfg = Debug|Any CPU
		{4D9E091E-4DA8-4ED1-9E3E-DB1ACBA248C8}.Debug|Any CPU.Build.0 = Debug|Any CPU
		{4D9E091E-4DA8-4ED1-9E3E-DB1ACBA248C8}.Debug|Mixed Platforms.ActiveCfg = Debug|Any CPU
		{4D9E091E-4DA8-4ED1-9E3E-DB1ACBA248C8}.Debug|Mixed Platforms.Build.0 = Debug|Any CPU
		{4D9E091E-4DA8-4ED1-9E3E-DB1ACBA248C8}.Debug|x86.ActiveCfg = Debug|Any CPU
		{4D9E091E-4DA8-4ED1-9E3E-DB1ACBA248C8}.Release|Any CPU.ActiveCfg = Release|Any CPU
		{4D9E091E-4DA8-4ED1-9E3E-DB1ACBA248C8}.Release|Any CPU.Build.0 = Release|Any CPU
		{4D9E091E-4DA8-4ED1-9E3E-DB1ACBA248C8}.Release|Mixed Platforms.ActiveCfg = Release|Any CPU
		{4D9E091E-4DA8-4ED1-9E3E-DB1ACBA248C8}.Release|Mixed Platforms.Build.0 = Release|Any CPU
		{4D9E091E-4DA8-4ED1-9E3E-DB1ACBA248C8}.Release|x86.ActiveCfg = Release|Any CPU
		{79807141-C84F-4593-9950-C6F73A150E43}.Debug|Any CPU.ActiveCfg = Debug|Any CPU
		{79807141-C84F-4593-9950-C6F73A150E43}.Debug|Any CPU.Build.0 = Debug|Any CPU
		{79807141-C84F-4593-9950-C6F73A150E43}.Debug|Mixed Platforms.ActiveCfg = Debug|Any CPU
		{79807141-C84F-4593-9950-C6F73A150E43}.Debug|Mixed Platforms.Build.0 = Debug|Any CPU
		{79807141-C84F-4593-9950-C6F73A150E43}.Debug|x86.ActiveCfg = Debug|Any CPU
		{79807141-C84F-4593-9950-C6F73A150E43}.Release|Any CPU.ActiveCfg = Release|Any CPU
		{79807141-C84F-4593-9950-C6F73A150E43}.Release|Any CPU.Build.0 = Release|Any CPU
		{79807141-C84F-4593-9950-C6F73A150E43}.Release|Mixed Platforms.ActiveCfg = Release|Any CPU
		{79807141-C84F-4593-9950-C6F73A150E43}.Release|Mixed Platforms.Build.0 = Release|Any CPU
		{79807141-C84F-4593-9950-C6F73A150E43}.Release|x86.ActiveCfg = Release|Any CPU
		{5612D3DF-8903-4F66-9BD2-E375605B30D2}.Debug|Any CPU.ActiveCfg = Debug|Any CPU
		{5612D3DF-8903-4F66-9BD2-E375605B30D2}.Debug|Any CPU.Build.0 = Debug|Any CPU
		{5612D3DF-8903-4F66-9BD2-E375605B30D2}.Debug|Mixed Platforms.ActiveCfg = Debug|Any CPU
		{5612D3DF-8903-4F66-9BD2-E375605B30D2}.Debug|Mixed Platforms.Build.0 = Debug|Any CPU
		{5612D3DF-8903-4F66-9BD2-E375605B30D2}.Debug|x86.ActiveCfg = Debug|Any CPU
		{5612D3DF-8903-4F66-9BD2-E375605B30D2}.Release|Any CPU.ActiveCfg = Release|Any CPU
		{5612D3DF-8903-4F66-9BD2-E375605B30D2}.Release|Any CPU.Build.0 = Release|Any CPU
		{5612D3DF-8903-4F66-9BD2-E375605B30D2}.Release|Mixed Platforms.ActiveCfg = Release|Any CPU
		{5612D3DF-8903-4F66-9BD2-E375605B30D2}.Release|Mixed Platforms.Build.0 = Release|Any CPU
		{5612D3DF-8903-4F66-9BD2-E375605B30D2}.Release|x86.ActiveCfg = Release|Any CPU
		{2F6AA3F0-DC92-42D5-883A-F1C452C70705}.Debug|Any CPU.ActiveCfg = Debug|Any CPU
		{2F6AA3F0-DC92-42D5-883A-F1C452C70705}.Debug|Any CPU.Build.0 = Debug|Any CPU
		{2F6AA3F0-DC92-42D5-883A-F1C452C70705}.Debug|Mixed Platforms.ActiveCfg = Debug|x86
		{2F6AA3F0-DC92-42D5-883A-F1C452C70705}.Debug|Mixed Platforms.Build.0 = Debug|x86
		{2F6AA3F0-DC92-42D5-883A-F1C452C70705}.Debug|x86.ActiveCfg = Debug|x86
		{2F6AA3F0-DC92-42D5-883A-F1C452C70705}.Debug|x86.Build.0 = Debug|x86
		{2F6AA3F0-DC92-42D5-883A-F1C452C70705}.Release|Any CPU.ActiveCfg = Release|Any CPU
		{2F6AA3F0-DC92-42D5-883A-F1C452C70705}.Release|Any CPU.Build.0 = Release|Any CPU
		{2F6AA3F0-DC92-42D5-883A-F1C452C70705}.Release|Mixed Platforms.ActiveCfg = Release|x86
		{2F6AA3F0-DC92-42D5-883A-F1C452C70705}.Release|Mixed Platforms.Build.0 = Release|x86
		{2F6AA3F0-DC92-42D5-883A-F1C452C70705}.Release|x86.ActiveCfg = Release|x86
		{2F6AA3F0-DC92-42D5-883A-F1C452C70705}.Release|x86.Build.0 = Release|x86
	EndGlobalSection
	GlobalSection(SolutionProperties) = preSolution
		HideSolutionNode = FALSE
	EndGlobalSection
EndGlobal
